
Microsoft Visual Studio Solution File, Format Version 12.00
# Visual Studio Version 16
VisualStudioVersion = 16.0.30225.117
MinimumVisualStudioVersion = 10.0.40219.1
Project("{8BC9CEB8-8B4A-11D0-8D11-00A0C91BC942}") = "Web_exam", "Web_exam\Web_exam.vcxproj", "{43DD7C3F-2F5E-497F-98FD-DE51A59DFA8F}"
EndProject
Project("{8BC9CEB8-8B4A-11D0-8D11-00A0C91BC942}") = "browser", "browser\browser.vcxproj", "{83880B2B-5A13-4E84-A0E3-BB58125AD933}"
EndProject
Global
	GlobalSection(SolutionConfigurationPlatforms) = preSolution
		Debug|x64 = Debug|x64
		Debug|x86 = Debug|x86
		Release|x64 = Release|x64
		Release|x86 = Release|x86
	EndGlobalSection
	GlobalSection(ProjectConfigurationPlatforms) = postSolution
		{43DD7C3F-2F5E-497F-98FD-DE51A59DFA8F}.Debug|x64.ActiveCfg = Debug|x64
		{43DD7C3F-2F5E-497F-98FD-DE51A59DFA8F}.Debug|x64.Build.0 = Debug|x64
		{43DD7C3F-2F5E-497F-98FD-DE51A59DFA8F}.Debug|x86.ActiveCfg = Debug|Win32
		{43DD7C3F-2F5E-497F-98FD-DE51A59DFA8F}.Debug|x86.Build.0 = Debug|Win32
		{43DD7C3F-2F5E-497F-98FD-DE51A59DFA8F}.Release|x64.ActiveCfg = Release|x64
		{43DD7C3F-2F5E-497F-98FD-DE51A59DFA8F}.Release|x64.Build.0 = Release|x64
		{43DD7C3F-2F5E-497F-98FD-DE51A59DFA8F}.Release|x86.ActiveCfg = Release|Win32
		{43DD7C3F-2F5E-497F-98FD-DE51A59DFA8F}.Release|x86.Build.0 = Release|Win32
		{83880B2B-5A13-4E84-A0E3-BB58125AD933}.Debug|x64.ActiveCfg = Debug|x64
		{83880B2B-5A13-4E84-A0E3-BB58125AD933}.Debug|x64.Build.0 = Debug|x64
		{83880B2B-5A13-4E84-A0E3-BB58125AD933}.Debug|x86.ActiveCfg = Debug|Win32
		{83880B2B-5A13-4E84-A0E3-BB58125AD933}.Debug|x86.Build.0 = Debug|Win32
		{83880B2B-5A13-4E84-A0E3-BB58125AD933}.Release|x64.ActiveCfg = Release|x64
		{83880B2B-5A13-4E84-A0E3-BB58125AD933}.Release|x64.Build.0 = Release|x64
		{83880B2B-5A13-4E84-A0E3-BB58125AD933}.Release|x86.ActiveCfg = Release|Win32
		{83880B2B-5A13-4E84-A0E3-BB58125AD933}.Release|x86.Build.0 = Release|Win32
	EndGlobalSection
	GlobalSection(SolutionProperties) = preSolution
		HideSolutionNode = FALSE
	EndGlobalSection
	GlobalSection(ExtensibilityGlobals) = postSolution
		SolutionGuid = {FE9DE6D8-8898-4712-9A66-DB7D9994AEDB}
	EndGlobalSection
EndGlobal
