
Microsoft Visual Studio Solution File, Format Version 12.00
# Visual Studio Version 16
VisualStudioVersion = 16.0.30225.117
MinimumVisualStudioVersion = 10.0.40219.1
Project("{8BC9CEB8-8B4A-11D0-8D11-00A0C91BC942}") = "tcp_server", "tcp_exam\tcp_exam.vcxproj", "{64C16DFF-BDC3-4477-92BD-54D2FB312D1D}"
EndProject
Project("{8BC9CEB8-8B4A-11D0-8D11-00A0C91BC942}") = "tcp_client", "tcp_client\tcp_client.vcxproj", "{11801CAD-9975-4F77-95A8-FE69707A7C57}"
EndProject
Global
	GlobalSection(SolutionConfigurationPlatforms) = preSolution
		Debug|x64 = Debug|x64
		Debug|x86 = Debug|x86
		Release|x64 = Release|x64
		Release|x86 = Release|x86
	EndGlobalSection
	GlobalSection(ProjectConfigurationPlatforms) = postSolution
		{64C16DFF-BDC3-4477-92BD-54D2FB312D1D}.Debug|x64.ActiveCfg = Debug|x64
		{64C16DFF-BDC3-4477-92BD-54D2FB312D1D}.Debug|x64.Build.0 = Debug|x64
		{64C16DFF-BDC3-4477-92BD-54D2FB312D1D}.Debug|x86.ActiveCfg = Debug|Win32
		{64C16DFF-BDC3-4477-92BD-54D2FB312D1D}.Debug|x86.Build.0 = Debug|Win32
		{64C16DFF-BDC3-4477-92BD-54D2FB312D1D}.Release|x64.ActiveCfg = Release|x64
		{64C16DFF-BDC3-4477-92BD-54D2FB312D1D}.Release|x64.Build.0 = Release|x64
		{64C16DFF-BDC3-4477-92BD-54D2FB312D1D}.Release|x86.ActiveCfg = Release|Win32
		{64C16DFF-BDC3-4477-92BD-54D2FB312D1D}.Release|x86.Build.0 = Release|Win32
		{11801CAD-9975-4F77-95A8-FE69707A7C57}.Debug|x64.ActiveCfg = Debug|x64
		{11801CAD-9975-4F77-95A8-FE69707A7C57}.Debug|x64.Build.0 = Debug|x64
		{11801CAD-9975-4F77-95A8-FE69707A7C57}.Debug|x86.ActiveCfg = Debug|Win32
		{11801CAD-9975-4F77-95A8-FE69707A7C57}.Debug|x86.Build.0 = Debug|Win32
		{11801CAD-9975-4F77-95A8-FE69707A7C57}.Release|x64.ActiveCfg = Release|x64
		{11801CAD-9975-4F77-95A8-FE69707A7C57}.Release|x64.Build.0 = Release|x64
		{11801CAD-9975-4F77-95A8-FE69707A7C57}.Release|x86.ActiveCfg = Release|Win32
		{11801CAD-9975-4F77-95A8-FE69707A7C57}.Release|x86.Build.0 = Release|Win32
	EndGlobalSection
	GlobalSection(SolutionProperties) = preSolution
		HideSolutionNode = FALSE
	EndGlobalSection
	GlobalSection(ExtensibilityGlobals) = postSolution
		SolutionGuid = {85685381-C9B7-47B5-8422-83672F2DD2DE}
	EndGlobalSection
EndGlobal
